
Microsoft Visual Studio Solution File, Format Version 12.00
# Visual Studio Version 17
VisualStudioVersion = 17.0.31903.59
MinimumVisualStudioVersion = 10.0.40219.1
Project("{9A19103F-16F7-4668-BE54-9A1E7A4F7556}") = "trail-weather-api", "trail-weather-api\trail-weather-api.csproj", "{6EE0014F-F1E7-4A1F-B187-C22ED728995F}"
EndProject
Project("{9A19103F-16F7-4668-BE54-9A1E7A4F7556}") = "trail-weather-data-access", "trail-weather-data-access\trail-weather-data-access.csproj", "{D79A3E64-056E-4EEF-89CC-C7DA9BB4ABC1}"
EndProject
Project("{9A19103F-16F7-4668-BE54-9A1E7A4F7556}") = "trail-weather-data-loader", "trail-weather-data-loader\trail-weather-data-loader.csproj", "{046ACEDF-78FE-4183-8D54-DCAE413CF183}"
EndProject
Global
	GlobalSection(SolutionConfigurationPlatforms) = preSolution
		Debug|Any CPU = Debug|Any CPU
		Release|Any CPU = Release|Any CPU
	EndGlobalSection
	GlobalSection(ProjectConfigurationPlatforms) = postSolution
		{6EE0014F-F1E7-4A1F-B187-C22ED728995F}.Debug|Any CPU.ActiveCfg = Debug|Any CPU
		{6EE0014F-F1E7-4A1F-B187-C22ED728995F}.Debug|Any CPU.Build.0 = Debug|Any CPU
		{6EE0014F-F1E7-4A1F-B187-C22ED728995F}.Release|Any CPU.ActiveCfg = Release|Any CPU
		{6EE0014F-F1E7-4A1F-B187-C22ED728995F}.Release|Any CPU.Build.0 = Release|Any CPU
		{D79A3E64-056E-4EEF-89CC-C7DA9BB4ABC1}.Debug|Any CPU.ActiveCfg = Debug|Any CPU
		{D79A3E64-056E-4EEF-89CC-C7DA9BB4ABC1}.Debug|Any CPU.Build.0 = Debug|Any CPU
		{D79A3E64-056E-4EEF-89CC-C7DA9BB4ABC1}.Release|Any CPU.ActiveCfg = Release|Any CPU
		{D79A3E64-056E-4EEF-89CC-C7DA9BB4ABC1}.Release|Any CPU.Build.0 = Release|Any CPU
		{046ACEDF-78FE-4183-8D54-DCAE413CF183}.Debug|Any CPU.ActiveCfg = Debug|Any CPU
		{046ACEDF-78FE-4183-8D54-DCAE413CF183}.Debug|Any CPU.Build.0 = Debug|Any CPU
		{046ACEDF-78FE-4183-8D54-DCAE413CF183}.Release|Any CPU.ActiveCfg = Release|Any CPU
		{046ACEDF-78FE-4183-8D54-DCAE413CF183}.Release|Any CPU.Build.0 = Release|Any CPU
	EndGlobalSection
	GlobalSection(SolutionProperties) = preSolution
		HideSolutionNode = FALSE
	EndGlobalSection
	GlobalSection(ExtensibilityGlobals) = postSolution
		SolutionGuid = {168EF53A-E9BB-4C0A-9C41-FAF064498CDD}
	EndGlobalSection
EndGlobal
